
Microsoft Visual Studio Solution File, Format Version 12.00
# Visual Studio Version 17
VisualStudioVersion = 17.0.31912.275
MinimumVisualStudioVersion = 10.0.40219.1
Project("{2150E333-8FDC-42A3-9474-1A3956D46DE8}") = "Tools", "Tools", "{96C9A4FD-A28F-45DA-8554-836B7C2A429F}"
EndProject
Project("{2150E333-8FDC-42A3-9474-1A3956D46DE8}") = "Apps", "Apps", "{1834D2F2-AAEF-48E0-8CDC-40176A49913A}"
EndProject
Project("{2150E333-8FDC-42A3-9474-1A3956D46DE8}") = "FT.Common", "FT.Common", "{62FDAC51-6183-4BDA-A588-008E6BD74993}"
EndProject
Project("{9A19103F-16F7-4668-BE54-9A1E7A4F7556}") = "FT.Extending", "FT.Common\FT.Extending\FT.Extending.csproj", "{4CF9D8CB-A45E-4C92-BB3D-8FF55CE7DEE5}"
EndProject
Project("{9A19103F-16F7-4668-BE54-9A1E7A4F7556}") = "Okex.Net", "FT.Common\OKEx.Net\Okex.Net\Okex.Net.csproj", "{771BFC40-87AA-4616-B7E9-E324CE653934}"
EndProject
Project("{9A19103F-16F7-4668-BE54-9A1E7A4F7556}") = "RazorMailer.NetCore", "FT.Common\RazorMailer.NetCore\RazorMailer.NetCore.csproj", "{9CAA78AA-4F24-4DFD-9C8E-1E5E92A2C04B}"
EndProject
Project("{9A19103F-16F7-4668-BE54-9A1E7A4F7556}") = "FT.TgBot", "FT.Common\FT.TgBot\FT.TgBot.csproj", "{293B732D-32F5-4F54-91B5-918CD56D43A2}"
EndProject
Project("{9A19103F-16F7-4668-BE54-9A1E7A4F7556}") = "FT.Exchanges", "FT.Common\FT.Exchanges\FT.Exchanges.csproj", "{B25B35D1-7EFA-4D7B-B183-C8B3BC6883AF}"
EndProject
Project("{9A19103F-16F7-4668-BE54-9A1E7A4F7556}") = "Fot.WebApp", "Fot.WebApp\Fot.WebApp.csproj", "{89F01F63-6EAB-4A2F-B220-C5CFB50A35DD}"
EndProject
Project("{9A19103F-16F7-4668-BE54-9A1E7A4F7556}") = "Fot.ApiClient", "Fot.ApiClient\Fot.ApiClient.csproj", "{B12FACFB-AD6D-4A1B-94FE-22F9C324F492}"
EndProject
Project("{9A19103F-16F7-4668-BE54-9A1E7A4F7556}") = "Fot.Bll.Common", "Fot.Bll.Common\Fot.Bll.Common.csproj", "{770F0390-0225-4B29-94BC-FDE338663F0E}"
EndProject
Project("{9A19103F-16F7-4668-BE54-9A1E7A4F7556}") = "Fot.Bll.Web", "Fot.Bll.Web\Fot.Bll.Web.csproj", "{1940693F-651B-4B10-80DB-5CF66B6C7145}"
EndProject
Project("{9A19103F-16F7-4668-BE54-9A1E7A4F7556}") = "Fot.Common", "Fot.Common.Errors\Fot.Common.csproj", "{1D2BB4C3-B843-40DA-A03C-34530BA6D423}"
EndProject
Project("{9A19103F-16F7-4668-BE54-9A1E7A4F7556}") = "Fot.CheckWebApp", "Fot.CheckWebApp\Fot.CheckWebApp.csproj", "{61166773-B270-4D65-B6B2-3E2F1685398B}"
EndProject
Project("{9A19103F-16F7-4668-BE54-9A1E7A4F7556}") = "Fot.Dal", "Fot.Dal\Fot.Dal.csproj", "{3979C16D-1C06-4B58-9A71-3420006A42EF}"
EndProject
Project("{9A19103F-16F7-4668-BE54-9A1E7A4F7556}") = "Fot.Dal.MySql", "Fot.Dal.MySql\Fot.Dal.MySql.csproj", "{BC1502B4-875B-443C-B2D7-D33544927F0C}"
EndProject
Project("{9A19103F-16F7-4668-BE54-9A1E7A4F7556}") = "Fot.Dal.MySql.Migrations", "Fot.Dal.MySql.Migrations\Fot.Dal.MySql.Migrations.csproj", "{21A18698-8EAB-465C-9F0E-FE0D55CBE94A}"
EndProject
Project("{9A19103F-16F7-4668-BE54-9A1E7A4F7556}") = "Fot.Dto", "Fot.Dto\Fot.Dto.csproj", "{09ADE3C5-2426-4CDF-8BB3-F605004F8D0C}"
EndProject
Project("{9A19103F-16F7-4668-BE54-9A1E7A4F7556}") = "Tsm.Console", "Tsm.Console\Tsm.Console.csproj", "{D0CAFAF9-AF3C-402E-8D10-7D950F1A495B}"
EndProject
Project("{9A19103F-16F7-4668-BE54-9A1E7A4F7556}") = "LogCleaner", "Tools\LogCleaner\LogCleaner.csproj", "{155F248F-65C2-4331-9743-1E2F3D9BF389}"
EndProject
Global
	GlobalSection(SolutionConfigurationPlatforms) = preSolution
		Debug|Any CPU = Debug|Any CPU
		Release|Any CPU = Release|Any CPU
	EndGlobalSection
	GlobalSection(ProjectConfigurationPlatforms) = postSolution
		{4CF9D8CB-A45E-4C92-BB3D-8FF55CE7DEE5}.Debug|Any CPU.ActiveCfg = Debug|Any CPU
		{4CF9D8CB-A45E-4C92-BB3D-8FF55CE7DEE5}.Debug|Any CPU.Build.0 = Debug|Any CPU
		{4CF9D8CB-A45E-4C92-BB3D-8FF55CE7DEE5}.Release|Any CPU.ActiveCfg = Release|Any CPU
		{4CF9D8CB-A45E-4C92-BB3D-8FF55CE7DEE5}.Release|Any CPU.Build.0 = Release|Any CPU
		{771BFC40-87AA-4616-B7E9-E324CE653934}.Debug|Any CPU.ActiveCfg = Debug|Any CPU
		{771BFC40-87AA-4616-B7E9-E324CE653934}.Debug|Any CPU.Build.0 = Debug|Any CPU
		{771BFC40-87AA-4616-B7E9-E324CE653934}.Release|Any CPU.ActiveCfg = Release|Any CPU
		{771BFC40-87AA-4616-B7E9-E324CE653934}.Release|Any CPU.Build.0 = Release|Any CPU
		{9CAA78AA-4F24-4DFD-9C8E-1E5E92A2C04B}.Debug|Any CPU.ActiveCfg = Debug|Any CPU
		{9CAA78AA-4F24-4DFD-9C8E-1E5E92A2C04B}.Debug|Any CPU.Build.0 = Debug|Any CPU
		{9CAA78AA-4F24-4DFD-9C8E-1E5E92A2C04B}.Release|Any CPU.ActiveCfg = Release|Any CPU
		{9CAA78AA-4F24-4DFD-9C8E-1E5E92A2C04B}.Release|Any CPU.Build.0 = Release|Any CPU
		{293B732D-32F5-4F54-91B5-918CD56D43A2}.Debug|Any CPU.ActiveCfg = Debug|Any CPU
		{293B732D-32F5-4F54-91B5-918CD56D43A2}.Debug|Any CPU.Build.0 = Debug|Any CPU
		{293B732D-32F5-4F54-91B5-918CD56D43A2}.Release|Any CPU.ActiveCfg = Release|Any CPU
		{293B732D-32F5-4F54-91B5-918CD56D43A2}.Release|Any CPU.Build.0 = Release|Any CPU
		{B25B35D1-7EFA-4D7B-B183-C8B3BC6883AF}.Debug|Any CPU.ActiveCfg = Debug|Any CPU
		{B25B35D1-7EFA-4D7B-B183-C8B3BC6883AF}.Debug|Any CPU.Build.0 = Debug|Any CPU
		{B25B35D1-7EFA-4D7B-B183-C8B3BC6883AF}.Release|Any CPU.ActiveCfg = Release|Any CPU
		{B25B35D1-7EFA-4D7B-B183-C8B3BC6883AF}.Release|Any CPU.Build.0 = Release|Any CPU
		{89F01F63-6EAB-4A2F-B220-C5CFB50A35DD}.Debug|Any CPU.ActiveCfg = Debug|Any CPU
		{89F01F63-6EAB-4A2F-B220-C5CFB50A35DD}.Debug|Any CPU.Build.0 = Debug|Any CPU
		{89F01F63-6EAB-4A2F-B220-C5CFB50A35DD}.Release|Any CPU.ActiveCfg = Release|Any CPU
		{89F01F63-6EAB-4A2F-B220-C5CFB50A35DD}.Release|Any CPU.Build.0 = Release|Any CPU
		{B12FACFB-AD6D-4A1B-94FE-22F9C324F492}.Debug|Any CPU.ActiveCfg = Debug|Any CPU
		{B12FACFB-AD6D-4A1B-94FE-22F9C324F492}.Debug|Any CPU.Build.0 = Debug|Any CPU
		{B12FACFB-AD6D-4A1B-94FE-22F9C324F492}.Release|Any CPU.ActiveCfg = Release|Any CPU
		{B12FACFB-AD6D-4A1B-94FE-22F9C324F492}.Release|Any CPU.Build.0 = Release|Any CPU
		{770F0390-0225-4B29-94BC-FDE338663F0E}.Debug|Any CPU.ActiveCfg = Debug|Any CPU
		{770F0390-0225-4B29-94BC-FDE338663F0E}.Debug|Any CPU.Build.0 = Debug|Any CPU
		{770F0390-0225-4B29-94BC-FDE338663F0E}.Release|Any CPU.ActiveCfg = Release|Any CPU
		{770F0390-0225-4B29-94BC-FDE338663F0E}.Release|Any CPU.Build.0 = Release|Any CPU
		{1940693F-651B-4B10-80DB-5CF66B6C7145}.Debug|Any CPU.ActiveCfg = Debug|Any CPU
		{1940693F-651B-4B10-80DB-5CF66B6C7145}.Debug|Any CPU.Build.0 = Debug|Any CPU
		{1940693F-651B-4B10-80DB-5CF66B6C7145}.Release|Any CPU.ActiveCfg = Release|Any CPU
		{1940693F-651B-4B10-80DB-5CF66B6C7145}.Release|Any CPU.Build.0 = Release|Any CPU
		{1D2BB4C3-B843-40DA-A03C-34530BA6D423}.Debug|Any CPU.ActiveCfg = Debug|Any CPU
		{1D2BB4C3-B843-40DA-A03C-34530BA6D423}.Debug|Any CPU.Build.0 = Debug|Any CPU
		{1D2BB4C3-B843-40DA-A03C-34530BA6D423}.Release|Any CPU.ActiveCfg = Release|Any CPU
		{1D2BB4C3-B843-40DA-A03C-34530BA6D423}.Release|Any CPU.Build.0 = Release|Any CPU
		{61166773-B270-4D65-B6B2-3E2F1685398B}.Debug|Any CPU.ActiveCfg = Debug|Any CPU
		{61166773-B270-4D65-B6B2-3E2F1685398B}.Debug|Any CPU.Build.0 = Debug|Any CPU
		{61166773-B270-4D65-B6B2-3E2F1685398B}.Release|Any CPU.ActiveCfg = Release|Any CPU
		{61166773-B270-4D65-B6B2-3E2F1685398B}.Release|Any CPU.Build.0 = Release|Any CPU
		{3979C16D-1C06-4B58-9A71-3420006A42EF}.Debug|Any CPU.ActiveCfg = Debug|Any CPU
		{3979C16D-1C06-4B58-9A71-3420006A42EF}.Debug|Any CPU.Build.0 = Debug|Any CPU
		{3979C16D-1C06-4B58-9A71-3420006A42EF}.Release|Any CPU.ActiveCfg = Release|Any CPU
		{3979C16D-1C06-4B58-9A71-3420006A42EF}.Release|Any CPU.Build.0 = Release|Any CPU
		{BC1502B4-875B-443C-B2D7-D33544927F0C}.Debug|Any CPU.ActiveCfg = Debug|Any CPU
		{BC1502B4-875B-443C-B2D7-D33544927F0C}.Debug|Any CPU.Build.0 = Debug|Any CPU
		{BC1502B4-875B-443C-B2D7-D33544927F0C}.Release|Any CPU.ActiveCfg = Release|Any CPU
		{BC1502B4-875B-443C-B2D7-D33544927F0C}.Release|Any CPU.Build.0 = Release|Any CPU
		{21A18698-8EAB-465C-9F0E-FE0D55CBE94A}.Debug|Any CPU.ActiveCfg = Debug|Any CPU
		{21A18698-8EAB-465C-9F0E-FE0D55CBE94A}.Debug|Any CPU.Build.0 = Debug|Any CPU
		{21A18698-8EAB-465C-9F0E-FE0D55CBE94A}.Release|Any CPU.ActiveCfg = Release|Any CPU
		{21A18698-8EAB-465C-9F0E-FE0D55CBE94A}.Release|Any CPU.Build.0 = Release|Any CPU
		{09ADE3C5-2426-4CDF-8BB3-F605004F8D0C}.Debug|Any CPU.ActiveCfg = Debug|Any CPU
		{09ADE3C5-2426-4CDF-8BB3-F605004F8D0C}.Debug|Any CPU.Build.0 = Debug|Any CPU
		{09ADE3C5-2426-4CDF-8BB3-F605004F8D0C}.Release|Any CPU.ActiveCfg = Release|Any CPU
		{09ADE3C5-2426-4CDF-8BB3-F605004F8D0C}.Release|Any CPU.Build.0 = Release|Any CPU
		{D0CAFAF9-AF3C-402E-8D10-7D950F1A495B}.Debug|Any CPU.ActiveCfg = Debug|Any CPU
		{D0CAFAF9-AF3C-402E-8D10-7D950F1A495B}.Debug|Any CPU.Build.0 = Debug|Any CPU
		{D0CAFAF9-AF3C-402E-8D10-7D950F1A495B}.Release|Any CPU.ActiveCfg = Release|Any CPU
		{D0CAFAF9-AF3C-402E-8D10-7D950F1A495B}.Release|Any CPU.Build.0 = Release|Any CPU
		{155F248F-65C2-4331-9743-1E2F3D9BF389}.Debug|Any CPU.ActiveCfg = Debug|Any CPU
		{155F248F-65C2-4331-9743-1E2F3D9BF389}.Debug|Any CPU.Build.0 = Debug|Any CPU
		{155F248F-65C2-4331-9743-1E2F3D9BF389}.Release|Any CPU.ActiveCfg = Release|Any CPU
		{155F248F-65C2-4331-9743-1E2F3D9BF389}.Release|Any CPU.Build.0 = Release|Any CPU
	EndGlobalSection
	GlobalSection(SolutionProperties) = preSolution
		HideSolutionNode = FALSE
	EndGlobalSection
	GlobalSection(NestedProjects) = preSolution
		{96C9A4FD-A28F-45DA-8554-836B7C2A429F} = {1834D2F2-AAEF-48E0-8CDC-40176A49913A}
		{4CF9D8CB-A45E-4C92-BB3D-8FF55CE7DEE5} = {62FDAC51-6183-4BDA-A588-008E6BD74993}
		{771BFC40-87AA-4616-B7E9-E324CE653934} = {62FDAC51-6183-4BDA-A588-008E6BD74993}
		{9CAA78AA-4F24-4DFD-9C8E-1E5E92A2C04B} = {62FDAC51-6183-4BDA-A588-008E6BD74993}
		{293B732D-32F5-4F54-91B5-918CD56D43A2} = {62FDAC51-6183-4BDA-A588-008E6BD74993}
		{B25B35D1-7EFA-4D7B-B183-C8B3BC6883AF} = {62FDAC51-6183-4BDA-A588-008E6BD74993}
		{89F01F63-6EAB-4A2F-B220-C5CFB50A35DD} = {1834D2F2-AAEF-48E0-8CDC-40176A49913A}
		{61166773-B270-4D65-B6B2-3E2F1685398B} = {1834D2F2-AAEF-48E0-8CDC-40176A49913A}
		{D0CAFAF9-AF3C-402E-8D10-7D950F1A495B} = {1834D2F2-AAEF-48E0-8CDC-40176A49913A}
		{155F248F-65C2-4331-9743-1E2F3D9BF389} = {96C9A4FD-A28F-45DA-8554-836B7C2A429F}
	EndGlobalSection
	GlobalSection(ExtensibilityGlobals) = postSolution
		SolutionGuid = {99C058E3-10D5-4AB5-A248-8860A2A55B3A}
	EndGlobalSection
EndGlobal
